{
  "version": 4,
  "terraform_version": "1.14.5",
  "serial": 5,
  "lineage": "70471a6a-82b9-3179-7ead-869dfda70f14",
  "outputs": {
    "bucket_arn": {
      "value": "arn:aws:s3:::another-s3-deploy-destroy-test-mario3048",
      "type": "string"
    },
    "bucket_domain_name": {
      "value": "another-s3-deploy-destroy-test-mario3048.s3.amazonaws.com",
      "type": "string"
    },
    "bucket_id": {
      "value": "another-s3-deploy-destroy-test-mario3048",
      "type": "string"
    },
    "bucket_region": {
      "value": "us-east-1",
      "type": "string"
    },
    "bucket_regional_domain_name": {
      "value": "another-s3-deploy-destroy-test-mario3048.s3.us-east-1.amazonaws.com",
      "type": "string"
    }
  },
  "resources": [
    {
      "mode": "managed",
      "type": "aws_s3_bucket",
      "name": "main",
      "provider": "provider[\"registry.terraform.io/hashicorp/aws\"]",
      "instances": [
        {
          "schema_version": 0,
          "attributes": {
            "acceleration_status": "",
            "acl": null,
            "arn": "arn:aws:s3:::another-s3-deploy-destroy-test-mario3048",
            "bucket": "another-s3-deploy-destroy-test-mario3048",
            "bucket_domain_name": "another-s3-deploy-destroy-test-mario3048.s3.amazonaws.com",
            "bucket_prefix": "",
            "bucket_regional_domain_name": "another-s3-deploy-destroy-test-mario3048.s3.us-east-1.amazonaws.com",
            "cors_rule": [],
            "force_destroy": false,
            "grant": [
              {
                "id": "d977dc17c50fc582159517b3bf213a01607e6a4d001e6910bda8fc3ff4284629",
                "permissions": [
                  "FULL_CONTROL"
                ],
                "type": "CanonicalUser",
                "uri": ""
              }
            ],
            "hosted_zone_id": "Z3AQBSTGFYJSTF",
            "id": "another-s3-deploy-destroy-test-mario3048",
            "lifecycle_rule": [],
            "logging": [],
            "object_lock_configuration": [],
            "object_lock_enabled": false,
            "policy": "",
            "region": "us-east-1",
            "replication_configuration": [],
            "request_payer": "BucketOwner",
            "server_side_encryption_configuration": [
              {
                "rule": [
                  {
                    "apply_server_side_encryption_by_default": [
                      {
                        "kms_master_key_id": "",
                        "sse_algorithm": "AES256"
                      }
                    ],
                    "bucket_key_enabled": false
                  }
                ]
              }
            ],
            "tags": {
              "Name": "another-s3-deploy-destroy-test-mario3048"
            },
            "tags_all": {
              "Name": "another-s3-deploy-destroy-test-mario3048"
            },
            "timeouts": null,
            "versioning": [
              {
                "enabled": false,
                "mfa_delete": false
              }
            ],
            "website": [],
            "website_domain": null,
            "website_endpoint": null
          },
          "sensitive_attributes": [],
          "identity_schema_version": 0,
          "private": "eyJlMmJmYjczMC1lY2FhLTExZTYtOGY4OC0zNDM2M2JjN2M0YzAiOnsiY3JlYXRlIjoxMjAwMDAwMDAwMDAwLCJkZWxldGUiOjM2MDAwMDAwMDAwMDAsInJlYWQiOjEyMDAwMDAwMDAwMDAsInVwZGF0ZSI6MTIwMDAwMDAwMDAwMH19"
        }
      ]
    },
    {
      "mode": "managed",
      "type": "aws_s3_bucket_public_access_block",
      "name": "main",
      "provider": "provider[\"registry.terraform.io/hashicorp/aws\"]",
      "instances": [
        {
          "schema_version": 0,
          "attributes": {
            "block_public_acls": true,
            "block_public_policy": true,
            "bucket": "another-s3-deploy-destroy-test-mario3048",
            "id": "another-s3-deploy-destroy-test-mario3048",
            "ignore_public_acls": true,
            "restrict_public_buckets": true
          },
          "sensitive_attributes": [],
          "identity_schema_version": 0,
          "private": "bnVsbA==",
          "dependencies": [
            "aws_s3_bucket.main"
          ]
        }
      ]
    },
    {
      "mode": "managed",
      "type": "aws_s3_bucket_server_side_encryption_configuration",
      "name": "main",
      "provider": "provider[\"registry.terraform.io/hashicorp/aws\"]",
      "instances": [
        {
          "schema_version": 0,
          "attributes": {
            "bucket": "another-s3-deploy-destroy-test-mario3048",
            "expected_bucket_owner": "",
            "id": "another-s3-deploy-destroy-test-mario3048",
            "rule": [
              {
                "apply_server_side_encryption_by_default": [
                  {
                    "kms_master_key_id": "",
                    "sse_algorithm": "AES256"
                  }
                ],
                "bucket_key_enabled": false
              }
            ]
          },
          "sensitive_attributes": [],
          "identity_schema_version": 0,
          "private": "bnVsbA==",
          "dependencies": [
            "aws_s3_bucket.main"
          ]
        }
      ]
    },
    {
      "mode": "managed",
      "type": "aws_s3_bucket_versioning",
      "name": "main",
      "provider": "provider[\"registry.terraform.io/hashicorp/aws\"]",
      "instances": [
        {
          "schema_version": 0,
          "attributes": {
            "bucket": "another-s3-deploy-destroy-test-mario3048",
            "expected_bucket_owner": "",
            "id": "another-s3-deploy-destroy-test-mario3048",
            "mfa": null,
            "versioning_configuration": [
              {
                "mfa_delete": "",
                "status": "Enabled"
              }
            ]
          },
          "sensitive_attributes": [],
          "identity_schema_version": 0,
          "private": "bnVsbA==",
          "dependencies": [
            "aws_s3_bucket.main"
          ]
        }
      ]
    }
  ],
  "check_results": null
}
