{
  "version": 4,
  "terraform_version": "1.14.5",
  "serial": 12,
  "lineage": "70471a6a-82b9-3179-7ead-869dfda70f14",
  "outputs": {
    "bucket_location": {
      "value": "US",
      "type": "string"
    },
    "bucket_name": {
      "value": "test-bucket-for-mario-23434",
      "type": "string"
    },
    "bucket_self_link": {
      "value": "https://www.googleapis.com/storage/v1/b/test-bucket-for-mario-23434",
      "type": "string"
    },
    "bucket_storage_class": {
      "value": "STANDARD",
      "type": "string"
    },
    "bucket_uniform_access": {
      "value": true,
      "type": "bool"
    },
    "bucket_url": {
      "value": "gs://test-bucket-for-mario-23434",
      "type": "string"
    },
    "bucket_versioning": {
      "value": true,
      "type": "bool"
    }
  },
  "resources": [
    {
      "mode": "managed",
      "type": "google_storage_bucket",
      "name": "bucket",
      "provider": "provider[\"registry.terraform.io/hashicorp/google\"]",
      "instances": [
        {
          "schema_version": 2,
          "attributes": {
            "autoclass": [],
            "cors": [],
            "custom_placement_config": [],
            "default_event_based_hold": false,
            "effective_labels": {},
            "enable_object_retention": false,
            "encryption": [],
            "force_destroy": false,
            "id": "test-bucket-for-mario-23434",
            "labels": null,
            "lifecycle_rule": [
              {
                "action": [
                  {
                    "storage_class": "",
                    "type": "Delete"
                  }
                ],
                "condition": [
                  {
                    "age": 365,
                    "created_before": "",
                    "custom_time_before": "",
                    "days_since_custom_time": null,
                    "days_since_noncurrent_time": null,
                    "matches_prefix": [],
                    "matches_storage_class": [],
                    "matches_suffix": [],
                    "no_age": null,
                    "noncurrent_time_before": "",
                    "num_newer_versions": null,
                    "send_age_if_zero": true,
                    "send_days_since_custom_time_if_zero": null,
                    "send_days_since_noncurrent_time_if_zero": null,
                    "send_num_newer_versions_if_zero": null,
                    "with_state": "ARCHIVED"
                  }
                ]
              },
              {
                "action": [
                  {
                    "storage_class": "NEARLINE",
                    "type": "SetStorageClass"
                  }
                ],
                "condition": [
                  {
                    "age": 30,
                    "created_before": "",
                    "custom_time_before": "",
                    "days_since_custom_time": 0,
                    "days_since_noncurrent_time": 0,
                    "matches_prefix": [],
                    "matches_storage_class": [],
                    "matches_suffix": [],
                    "no_age": false,
                    "noncurrent_time_before": "",
                    "num_newer_versions": 0,
                    "send_age_if_zero": true,
                    "send_days_since_custom_time_if_zero": false,
                    "send_days_since_noncurrent_time_if_zero": false,
                    "send_num_newer_versions_if_zero": false,
                    "with_state": "ANY"
                  }
                ]
              }
            ],
            "location": "US",
            "logging": [],
            "name": "test-bucket-for-mario-23434",
            "project": "leafy-summer-317305",
            "project_number": 935542318356,
            "public_access_prevention": "enforced",
            "requester_pays": false,
            "retention_policy": [],
            "rpo": "DEFAULT",
            "self_link": "https://www.googleapis.com/storage/v1/b/test-bucket-for-mario-23434",
            "soft_delete_policy": [
              {
                "effective_time": "2026-02-22T03:43:41.289Z",
                "retention_duration_seconds": 604800
              }
            ],
            "storage_class": "STANDARD",
            "terraform_labels": {},
            "timeouts": null,
            "uniform_bucket_level_access": true,
            "url": "gs://test-bucket-for-mario-23434",
            "versioning": [
              {
                "enabled": true
              }
            ],
            "website": []
          },
          "sensitive_attributes": [],
          "identity_schema_version": 0,
          "private": "eyJlMmJmYjczMC1lY2FhLTExZTYtOGY4OC0zNDM2M2JjN2M0YzAiOnsiY3JlYXRlIjo2MDAwMDAwMDAwMDAsInJlYWQiOjI0MDAwMDAwMDAwMCwidXBkYXRlIjoyNDAwMDAwMDAwMDB9LCJzY2hlbWFfdmVyc2lvbiI6IjIifQ=="
        }
      ]
    }
  ],
  "check_results": [
    {
      "object_kind": "var",
      "config_addr": "var.storage_class",
      "status": "pass",
      "objects": [
        {
          "object_addr": "var.storage_class",
          "status": "pass"
        }
      ]
    }
  ]
}
